
Microsoft Visual Studio Solution File, Format Version 12.00
# Visual Studio Version 17
VisualStudioVersion = 17.12.35527.113
MinimumVisualStudioVersion = 10.0.40219.1
Project("{2150E333-8FDC-42A3-9474-1A3956D46DE8}") = "Src", "Src", "{47D40F56-8553-4801-A2E4-DA0EACFD5644}"
EndProject
Project("{2150E333-8FDC-42A3-9474-1A3956D46DE8}") = "Test", "Test", "{E32F3B28-5AA1-4CFD-87BA-4B33272DDCC6}"
EndProject
Project("{2150E333-8FDC-42A3-9474-1A3956D46DE8}") = "APIs", "APIs", "{42456982-ECAB-4DEF-8A23-13681AA9E247}"
EndProject
Project("{2150E333-8FDC-42A3-9474-1A3956D46DE8}") = "Core", "Core", "{DB1A3036-168D-4695-99EF-24EDEC4F8F3D}"
EndProject
Project("{2150E333-8FDC-42A3-9474-1A3956D46DE8}") = "Infrastructure", "Infrastructure", "{52DCBD4F-5D5C-4AFA-A959-3735414EB27A}"
EndProject
Project("{2150E333-8FDC-42A3-9474-1A3956D46DE8}") = "UI", "UI", "{3BBBAFB9-055F-4D49-96A3-C8A0845FB990}"
EndProject
Project("{2150E333-8FDC-42A3-9474-1A3956D46DE8}") = "Client", "Client", "{E7524B03-B325-4318-A8FA-8BBBAC0DDBCD}"
EndProject
Project("{2150E333-8FDC-42A3-9474-1A3956D46DE8}") = "Dashboard", "Dashboard", "{0FC0C840-A018-40AF-8968-82F0CBE1276D}"
EndProject
Project("{FAE04EC0-301F-11D3-BF4B-00C04F79EFBC}") = "Talabat.APIs", "Talabat.APIs\Talabat.APIs.csproj", "{02E4B8A4-A223-4F61-B716-1778EBA7315E}"
EndProject
Project("{FAE04EC0-301F-11D3-BF4B-00C04F79EFBC}") = "Talabat.Core.Domain", "Talabat.Core.Domain\Talabat.Core.Domain.csproj", "{A92428FA-479B-4406-877D-76CD9FDDF3AA}"
EndProject
Project("{FAE04EC0-301F-11D3-BF4B-00C04F79EFBC}") = "Talabat.Core.Application", "Talabat.Core.Application\Talabat.Core.Application.csproj", "{17A1F19A-73BB-4C04-B8FB-F3A583F95599}"
EndProject
Project("{FAE04EC0-301F-11D3-BF4B-00C04F79EFBC}") = "Talabat.Core.Application.Abstraction", "Talabat.Core.Abstraction\Talabat.Core.Application.Abstraction.csproj", "{FE08B774-E5E4-4B2A-ADCF-465F77546427}"
EndProject
Project("{FAE04EC0-301F-11D3-BF4B-00C04F79EFBC}") = "Talabat.Infrastructure", "Talabat.Infrastructure\Talabat.Infrastructure.csproj", "{C49DF8BC-5645-4F0D-B7D1-BB6E17146820}"
EndProject
Project("{FAE04EC0-301F-11D3-BF4B-00C04F79EFBC}") = "Talabat.Infrastructure.Persistence", "Talabat.Infrastructure.Persistence\Talabat.Infrastructure.Persistence.csproj", "{1946A037-6FCB-4EA5-A550-BE033AD8DE2C}"
EndProject
Project("{54A90642-561A-4BB1-A94E-469ADEE60C69}") = "Talabat.Client", "Talabat.Client\Talabat.Client.esproj", "{12F2D82C-1C85-42D5-93E6-7BCDCF570E72}"
EndProject
Project("{FAE04EC0-301F-11D3-BF4B-00C04F79EFBC}") = "Talabat.Dashboard", "Talabat.Dashboard\Talabat.Dashboard.csproj", "{13C2E912-1C18-49C4-B842-FF38A83DEF56}"
EndProject
Project("{FAE04EC0-301F-11D3-BF4B-00C04F79EFBC}") = "Talabat.APIs.Controllers", "Talabat.APIs.Controllers\Talabat.APIs.Controllers.csproj", "{3DBF06EF-D2F4-492B-A0DE-9A35AAD951D6}"
EndProject
Global
	GlobalSection(SolutionConfigurationPlatforms) = preSolution
		Debug|Any CPU = Debug|Any CPU
		Release|Any CPU = Release|Any CPU
	EndGlobalSection
	GlobalSection(ProjectConfigurationPlatforms) = postSolution
		{02E4B8A4-A223-4F61-B716-1778EBA7315E}.Debug|Any CPU.ActiveCfg = Debug|Any CPU
		{02E4B8A4-A223-4F61-B716-1778EBA7315E}.Debug|Any CPU.Build.0 = Debug|Any CPU
		{02E4B8A4-A223-4F61-B716-1778EBA7315E}.Release|Any CPU.ActiveCfg = Release|Any CPU
		{02E4B8A4-A223-4F61-B716-1778EBA7315E}.Release|Any CPU.Build.0 = Release|Any CPU
		{A92428FA-479B-4406-877D-76CD9FDDF3AA}.Debug|Any CPU.ActiveCfg = Debug|Any CPU
		{A92428FA-479B-4406-877D-76CD9FDDF3AA}.Debug|Any CPU.Build.0 = Debug|Any CPU
		{A92428FA-479B-4406-877D-76CD9FDDF3AA}.Release|Any CPU.ActiveCfg = Release|Any CPU
		{A92428FA-479B-4406-877D-76CD9FDDF3AA}.Release|Any CPU.Build.0 = Release|Any CPU
		{17A1F19A-73BB-4C04-B8FB-F3A583F95599}.Debug|Any CPU.ActiveCfg = Debug|Any CPU
		{17A1F19A-73BB-4C04-B8FB-F3A583F95599}.Debug|Any CPU.Build.0 = Debug|Any CPU
		{17A1F19A-73BB-4C04-B8FB-F3A583F95599}.Release|Any CPU.ActiveCfg = Release|Any CPU
		{17A1F19A-73BB-4C04-B8FB-F3A583F95599}.Release|Any CPU.Build.0 = Release|Any CPU
		{FE08B774-E5E4-4B2A-ADCF-465F77546427}.Debug|Any CPU.ActiveCfg = Debug|Any CPU
		{FE08B774-E5E4-4B2A-ADCF-465F77546427}.Debug|Any CPU.Build.0 = Debug|Any CPU
		{FE08B774-E5E4-4B2A-ADCF-465F77546427}.Release|Any CPU.ActiveCfg = Release|Any CPU
		{FE08B774-E5E4-4B2A-ADCF-465F77546427}.Release|Any CPU.Build.0 = Release|Any CPU
		{C49DF8BC-5645-4F0D-B7D1-BB6E17146820}.Debug|Any CPU.ActiveCfg = Debug|Any CPU
		{C49DF8BC-5645-4F0D-B7D1-BB6E17146820}.Debug|Any CPU.Build.0 = Debug|Any CPU
		{C49DF8BC-5645-4F0D-B7D1-BB6E17146820}.Release|Any CPU.ActiveCfg = Release|Any CPU
		{C49DF8BC-5645-4F0D-B7D1-BB6E17146820}.Release|Any CPU.Build.0 = Release|Any CPU
		{1946A037-6FCB-4EA5-A550-BE033AD8DE2C}.Debug|Any CPU.ActiveCfg = Debug|Any CPU
		{1946A037-6FCB-4EA5-A550-BE033AD8DE2C}.Debug|Any CPU.Build.0 = Debug|Any CPU
		{1946A037-6FCB-4EA5-A550-BE033AD8DE2C}.Release|Any CPU.ActiveCfg = Release|Any CPU
		{1946A037-6FCB-4EA5-A550-BE033AD8DE2C}.Release|Any CPU.Build.0 = Release|Any CPU
		{12F2D82C-1C85-42D5-93E6-7BCDCF570E72}.Debug|Any CPU.ActiveCfg = Debug|Any CPU
		{12F2D82C-1C85-42D5-93E6-7BCDCF570E72}.Debug|Any CPU.Build.0 = Debug|Any CPU
		{12F2D82C-1C85-42D5-93E6-7BCDCF570E72}.Debug|Any CPU.Deploy.0 = Debug|Any CPU
		{12F2D82C-1C85-42D5-93E6-7BCDCF570E72}.Release|Any CPU.ActiveCfg = Release|Any CPU
		{12F2D82C-1C85-42D5-93E6-7BCDCF570E72}.Release|Any CPU.Build.0 = Release|Any CPU
		{12F2D82C-1C85-42D5-93E6-7BCDCF570E72}.Release|Any CPU.Deploy.0 = Release|Any CPU
		{13C2E912-1C18-49C4-B842-FF38A83DEF56}.Debug|Any CPU.ActiveCfg = Debug|Any CPU
		{13C2E912-1C18-49C4-B842-FF38A83DEF56}.Debug|Any CPU.Build.0 = Debug|Any CPU
		{13C2E912-1C18-49C4-B842-FF38A83DEF56}.Release|Any CPU.ActiveCfg = Release|Any CPU
		{13C2E912-1C18-49C4-B842-FF38A83DEF56}.Release|Any CPU.Build.0 = Release|Any CPU
		{3DBF06EF-D2F4-492B-A0DE-9A35AAD951D6}.Debug|Any CPU.ActiveCfg = Debug|Any CPU
		{3DBF06EF-D2F4-492B-A0DE-9A35AAD951D6}.Debug|Any CPU.Build.0 = Debug|Any CPU
		{3DBF06EF-D2F4-492B-A0DE-9A35AAD951D6}.Release|Any CPU.ActiveCfg = Release|Any CPU
		{3DBF06EF-D2F4-492B-A0DE-9A35AAD951D6}.Release|Any CPU.Build.0 = Release|Any CPU
	EndGlobalSection
	GlobalSection(SolutionProperties) = preSolution
		HideSolutionNode = FALSE
	EndGlobalSection
	GlobalSection(NestedProjects) = preSolution
		{42456982-ECAB-4DEF-8A23-13681AA9E247} = {47D40F56-8553-4801-A2E4-DA0EACFD5644}
		{DB1A3036-168D-4695-99EF-24EDEC4F8F3D} = {47D40F56-8553-4801-A2E4-DA0EACFD5644}
		{52DCBD4F-5D5C-4AFA-A959-3735414EB27A} = {47D40F56-8553-4801-A2E4-DA0EACFD5644}
		{3BBBAFB9-055F-4D49-96A3-C8A0845FB990} = {47D40F56-8553-4801-A2E4-DA0EACFD5644}
		{E7524B03-B325-4318-A8FA-8BBBAC0DDBCD} = {3BBBAFB9-055F-4D49-96A3-C8A0845FB990}
		{0FC0C840-A018-40AF-8968-82F0CBE1276D} = {3BBBAFB9-055F-4D49-96A3-C8A0845FB990}
		{02E4B8A4-A223-4F61-B716-1778EBA7315E} = {42456982-ECAB-4DEF-8A23-13681AA9E247}
		{A92428FA-479B-4406-877D-76CD9FDDF3AA} = {DB1A3036-168D-4695-99EF-24EDEC4F8F3D}
		{17A1F19A-73BB-4C04-B8FB-F3A583F95599} = {DB1A3036-168D-4695-99EF-24EDEC4F8F3D}
		{FE08B774-E5E4-4B2A-ADCF-465F77546427} = {DB1A3036-168D-4695-99EF-24EDEC4F8F3D}
		{C49DF8BC-5645-4F0D-B7D1-BB6E17146820} = {52DCBD4F-5D5C-4AFA-A959-3735414EB27A}
		{1946A037-6FCB-4EA5-A550-BE033AD8DE2C} = {52DCBD4F-5D5C-4AFA-A959-3735414EB27A}
		{12F2D82C-1C85-42D5-93E6-7BCDCF570E72} = {E7524B03-B325-4318-A8FA-8BBBAC0DDBCD}
		{13C2E912-1C18-49C4-B842-FF38A83DEF56} = {0FC0C840-A018-40AF-8968-82F0CBE1276D}
		{3DBF06EF-D2F4-492B-A0DE-9A35AAD951D6} = {42456982-ECAB-4DEF-8A23-13681AA9E247}
	EndGlobalSection
EndGlobal
